# THIS IS AN AUTOGENERATED FILE. DO NOT EDIT THIS FILE DIRECTLY.
# yarn lockfile v1


"@bhhaskin/f5-core@^0.0.1":
  version "0.0.1"
  resolved "https://registry.yarnpkg.com/@bhhaskin/f5-core/-/f5-core-0.0.1.tgz#03f6732ce82e84626bc0fbaefb6050e577cb6d1d"
  integrity sha512-th8wsNdG1rGBqy5eCew7adoRW4hl31qRwdqIG8I84DPb58F3yuAHQHIKxtF/xFNM27ANtzb8fo2KfJNDSt5Uig==
